
Microsoft Visual Studio Solution File, Format Version 12.00
# Visual Studio Version 17
VisualStudioVersion = 17.4.33213.308
MinimumVisualStudioVersion = 10.0.40219.1
Project("{FAE04EC0-301F-11D3-BF4B-00C04F79EFBC}") = "Game", "Game\Game.csproj", "{0B99A91C-22ED-40C9-84F8-FF26338FE511}"
EndProject
Global
	GlobalSection(SolutionConfigurationPlatforms) = preSolution
		Debug|Any CPU = Debug|Any CPU
		Release|Any CPU = Release|Any CPU
	EndGlobalSection
	GlobalSection(ProjectConfigurationPlatforms) = postSolution
		{0B99A91C-22ED-40C9-84F8-FF26338FE511}.Debug|Any CPU.ActiveCfg = Debug|Any CPU
		{0B99A91C-22ED-40C9-84F8-FF26338FE511}.Debug|Any CPU.Build.0 = Debug|Any CPU
		{0B99A91C-22ED-40C9-84F8-FF26338FE511}.Release|Any CPU.ActiveCfg = Release|Any CPU
		{0B99A91C-22ED-40C9-84F8-FF26338FE511}.Release|Any CPU.Build.0 = Release|Any CPU
	EndGlobalSection
	GlobalSection(SolutionProperties) = preSolution
		HideSolutionNode = FALSE
	EndGlobalSection
	GlobalSection(ExtensibilityGlobals) = postSolution
		SolutionGuid = {D3015FAB-0105-4D3D-B56A-78A68845F38B}
	EndGlobalSection
EndGlobal
