
Microsoft Visual Studio Solution File, Format Version 12.00
# Visual Studio Version 17
VisualStudioVersion = 17.4.33213.308
MinimumVisualStudioVersion = 10.0.40219.1
Project("{FAE04EC0-301F-11D3-BF4B-00C04F79EFBC}") = "Homework", "Homework\Homework.csproj", "{47C40B76-C392-441C-93A6-F20BC9FD95B7}"
EndProject
Global
	GlobalSection(SolutionConfigurationPlatforms) = preSolution
		Debug|Any CPU = Debug|Any CPU
		Release|Any CPU = Release|Any CPU
	EndGlobalSection
	GlobalSection(ProjectConfigurationPlatforms) = postSolution
		{47C40B76-C392-441C-93A6-F20BC9FD95B7}.Debug|Any CPU.ActiveCfg = Debug|Any CPU
		{47C40B76-C392-441C-93A6-F20BC9FD95B7}.Debug|Any CPU.Build.0 = Debug|Any CPU
		{47C40B76-C392-441C-93A6-F20BC9FD95B7}.Release|Any CPU.ActiveCfg = Release|Any CPU
		{47C40B76-C392-441C-93A6-F20BC9FD95B7}.Release|Any CPU.Build.0 = Release|Any CPU
	EndGlobalSection
	GlobalSection(SolutionProperties) = preSolution
		HideSolutionNode = FALSE
	EndGlobalSection
	GlobalSection(ExtensibilityGlobals) = postSolution
		SolutionGuid = {69F1E355-FE19-44E0-A630-EF5EF4E13034}
	EndGlobalSection
EndGlobal
